
Microsoft Visual Studio Solution File, Format Version 12.00
# Visual Studio Version 16
VisualStudioVersion = 16.0.31624.102
MinimumVisualStudioVersion = 10.0.40219.1
Project("{FAE04EC0-301F-11D3-BF4B-00C04F79EFBC}") = "FuncProgrammingProjectDOTNET", "FuncProgrammingProjectDOTNET.csproj", "{99F497D6-9695-4ED7-B74E-F72FC8A06828}"
EndProject
Global
	GlobalSection(SolutionConfigurationPlatforms) = preSolution
		Debug|Any CPU = Debug|Any CPU
		Release|Any CPU = Release|Any CPU
	EndGlobalSection
	GlobalSection(ProjectConfigurationPlatforms) = postSolution
		{99F497D6-9695-4ED7-B74E-F72FC8A06828}.Debug|Any CPU.ActiveCfg = Debug|Any CPU
		{99F497D6-9695-4ED7-B74E-F72FC8A06828}.Debug|Any CPU.Build.0 = Debug|Any CPU
		{99F497D6-9695-4ED7-B74E-F72FC8A06828}.Release|Any CPU.ActiveCfg = Release|Any CPU
		{99F497D6-9695-4ED7-B74E-F72FC8A06828}.Release|Any CPU.Build.0 = Release|Any CPU
	EndGlobalSection
	GlobalSection(SolutionProperties) = preSolution
		HideSolutionNode = FALSE
	EndGlobalSection
	GlobalSection(ExtensibilityGlobals) = postSolution
		SolutionGuid = {FFB12CAB-AAC1-401E-83E1-9F902BB70230}
	EndGlobalSection
EndGlobal
